{
  "name": "Home-s-weather",
  "lockfileVersion": 3,
  "requires": true,
  "packages": {
    "": {
      "dependencies": {
        "pnpm": "^7.22.0"
      }
    },
    "node_modules/pnpm": {
      "version": "7.22.0",
      "resolved": "https://registry.npmjs.org/pnpm/-/pnpm-7.22.0.tgz",
      "integrity": "sha512-dkhne1O1ktNz/Cn/GZU5wnjhP/aNEfmJGW5UdILyDnptgw84jauOf2Mk5jTe3gp4OZWZN1szcBrjyOZ7Uxxilw==",
      "bin": {
        "pnpm": "bin/pnpm.cjs",
        "pnpx": "bin/pnpx.cjs"
      },
      "engines": {
        "node": ">=14.6"
      },
      "funding": {
        "url": "https://opencollective.com/pnpm"
      }
    }
  }
}
